[[package]]
name = "fnv"
version = "1.0.6"
source = "registry+https://github.com/rust-lang/crates.io-index"

[[package]]
name = "rust-word-square"
version = "0.1.0"
dependencies = [
 "fnv 1.0.6 (registry+https://github.com/rust-lang/crates.io-index)",
 "unicode_skeleton 0.1.1 (registry+https://github.com/rust-lang/crates.io-index)",
]

[[package]]
name = "unicode-normalization"
version = "0.1.7"
source = "registry+https://github.com/rust-lang/crates.io-index"

[[package]]
name = "unicode_skeleton"
version = "0.1.1"
source = "registry+https://github.com/rust-lang/crates.io-index"
dependencies = [
 "unicode-normalization 0.1.7 (registry+https://github.com/rust-lang/crates.io-index)",
]

[metadata]
"checksum fnv 1.0.6 (registry+https://github.com/rust-lang/crates.io-index)" = "2fad85553e09a6f881f739c29f0b00b0f01357c743266d478b68951ce23285f3"
"checksum unicode-normalization 0.1.7 (registry+https://github.com/rust-lang/crates.io-index)" = "6a0180bc61fc5a987082bfa111f4cc95c4caff7f9799f3e46df09163a937aa25"
"checksum unicode_skeleton 0.1.1 (registry+https://github.com/rust-lang/crates.io-index)" = "66bd74db2c088d393d1fbf83db2cd5663137640f072d128287dd53c882a0f412"
